
Microsoft Visual Studio Solution File, Format Version 12.00
# Visual Studio Version 16
VisualStudioVersion = 16.0.29920.165
MinimumVisualStudioVersion = 10.0.40219.1
Project("{FAE04EC0-301F-11D3-BF4B-00C04F79EFBC}") = "PokerClient.Web", "PokerClient.Web\PokerClient.Web.csproj", "{D5C70752-C22F-4407-B169-78EE70A3DD27}"
EndProject
Project("{FAE04EC0-301F-11D3-BF4B-00C04F79EFBC}") = "PokerClient.Models", "PokerClient.Models\PokerClient.Models.csproj", "{A49FD3AA-2876-4105-ACDA-F8B3BF9E2F66}"
EndProject
Project("{FAE04EC0-301F-11D3-BF4B-00C04F79EFBC}") = "PokerClient.Interfaces", "PokerClient.Interfaces\PokerClient.Interfaces.csproj", "{9638B788-7FDD-4C74-9F22-AB12A23AAE06}"
EndProject
Project("{FAE04EC0-301F-11D3-BF4B-00C04F79EFBC}") = "PokerClient.Implementation", "PokerClient.Implementation\PokerClient.Implementation.csproj", "{5453590D-CA32-4CC6-AC9D-17844503672E}"
EndProject
Project("{FAE04EC0-301F-11D3-BF4B-00C04F79EFBC}") = "PokerClient.Common", "PokerClient.Common\PokerClient.Common.csproj", "{6CF98B5A-CF45-4D1A-9C37-03FF05385221}"
EndProject
Global
	GlobalSection(SolutionConfigurationPlatforms) = preSolution
		Debug|Any CPU = Debug|Any CPU
		Release|Any CPU = Release|Any CPU
	EndGlobalSection
	GlobalSection(ProjectConfigurationPlatforms) = postSolution
		{D5C70752-C22F-4407-B169-78EE70A3DD27}.Debug|Any CPU.ActiveCfg = Debug|Any CPU
		{D5C70752-C22F-4407-B169-78EE70A3DD27}.Debug|Any CPU.Build.0 = Debug|Any CPU
		{D5C70752-C22F-4407-B169-78EE70A3DD27}.Release|Any CPU.ActiveCfg = Release|Any CPU
		{D5C70752-C22F-4407-B169-78EE70A3DD27}.Release|Any CPU.Build.0 = Release|Any CPU
		{A49FD3AA-2876-4105-ACDA-F8B3BF9E2F66}.Debug|Any CPU.ActiveCfg = Debug|Any CPU
		{A49FD3AA-2876-4105-ACDA-F8B3BF9E2F66}.Debug|Any CPU.Build.0 = Debug|Any CPU
		{A49FD3AA-2876-4105-ACDA-F8B3BF9E2F66}.Release|Any CPU.ActiveCfg = Release|Any CPU
		{A49FD3AA-2876-4105-ACDA-F8B3BF9E2F66}.Release|Any CPU.Build.0 = Release|Any CPU
		{9638B788-7FDD-4C74-9F22-AB12A23AAE06}.Debug|Any CPU.ActiveCfg = Debug|Any CPU
		{9638B788-7FDD-4C74-9F22-AB12A23AAE06}.Debug|Any CPU.Build.0 = Debug|Any CPU
		{9638B788-7FDD-4C74-9F22-AB12A23AAE06}.Release|Any CPU.ActiveCfg = Release|Any CPU
		{9638B788-7FDD-4C74-9F22-AB12A23AAE06}.Release|Any CPU.Build.0 = Release|Any CPU
		{5453590D-CA32-4CC6-AC9D-17844503672E}.Debug|Any CPU.ActiveCfg = Debug|Any CPU
		{5453590D-CA32-4CC6-AC9D-17844503672E}.Debug|Any CPU.Build.0 = Debug|Any CPU
		{5453590D-CA32-4CC6-AC9D-17844503672E}.Release|Any CPU.ActiveCfg = Release|Any CPU
		{5453590D-CA32-4CC6-AC9D-17844503672E}.Release|Any CPU.Build.0 = Release|Any CPU
		{6CF98B5A-CF45-4D1A-9C37-03FF05385221}.Debug|Any CPU.ActiveCfg = Debug|Any CPU
		{6CF98B5A-CF45-4D1A-9C37-03FF05385221}.Debug|Any CPU.Build.0 = Debug|Any CPU
		{6CF98B5A-CF45-4D1A-9C37-03FF05385221}.Release|Any CPU.ActiveCfg = Release|Any CPU
		{6CF98B5A-CF45-4D1A-9C37-03FF05385221}.Release|Any CPU.Build.0 = Release|Any CPU
	EndGlobalSection
	GlobalSection(SolutionProperties) = preSolution
		HideSolutionNode = FALSE
	EndGlobalSection
	GlobalSection(ExtensibilityGlobals) = postSolution
		SolutionGuid = {E87C0A98-BC3E-4019-86C8-2885EDFCE566}
	EndGlobalSection
EndGlobal
